// !$*UTF8*$!
{
	archiveVersion = 1;
	classes = {
	};
	objectVersion = 46;
	objects = {

/* Begin PBXBuildFile section */
		4D6DE9011D4998FC005107F3 /* GameViewController.m in Sources */ = {isa = PBXBuildFile; fileRef = 4D6DE9001D4998FC005107F3 /* GameViewController.m */; };
		4DAFDF631D48D13A00C703F6 /* main.m in Sources */ = {isa = PBXBuildFile; fileRef = 4DAFDF621D48D13A00C703F6 /* main.m */; };
		4DAFDF661D48D13A00C703F6 /* AppDelegate.m in Sources */ = {isa = PBXBuildFile; fileRef = 4DAFDF651D48D13A00C703F6 /* AppDelegate.m */; };
		4DAFDF681D48D13A00C703F6 /* Assets.xcassets in Resources */ = {isa = PBXBuildFile; fileRef = 4DAFDF671D48D13A00C703F6 /* Assets.xcassets */; };
		4DAFDF6B1D48D13A00C703F6 /* LaunchScreen.storyboard in Resources */ = {isa = PBXBuildFile; fileRef = 4DAFDF691D48D13A00C703F6 /* LaunchScreen.storyboard */; };
		4DAFDF761D48D13A00C703F6 /* SnakeDemoTests.m in Sources */ = {isa = PBXBuildFile; fileRef = 4DAFDF751D48D13A00C703F6 /* SnakeDemoTests.m */; };
		4DAFDF821D48D19C00C703F6 /* LevelViewController.m in Sources */ = {isa = PBXBuildFile; fileRef = 4DAFDF811D48D19C00C703F6 /* LevelViewController.m */; };
/* End PBXBuildFile section */

/* Begin PBXContainerItemProxy section */
		4DAFDF721D48D13A00C703F6 /* PBXContainerItemProxy */ = {
			isa = PBXContainerItemProxy;
			containerPortal = 4DAFDF561D48D13A00C703F6 /* Project object */;
			proxyType = 1;
			remoteGlobalIDString = 4DAFDF5D1D48D13A00C703F6;
			remoteInfo = SnakeDemo;
		};
/* End PBXContainerItemProxy section */

/* Begin PBXFileReference section */
		4D6DE8FF1D4998FC005107F3 /* GameViewController.h */ = {isa = PBXFileReference; fileEncoding = 4; lastKnownFileType = sourcecode.c.h; path = GameViewController.h; sourceTree = "<group>"; };
		4D6DE9001D4998FC005107F3 /* GameViewController.m */ = {isa = PBXFileReference; fileEncoding = 4; lastKnownFileType = sourcecode.c.objc; path = GameViewController.m; sourceTree = "<group>"; };
		4DAFDF5E1D48D13A00C703F6 /* SnakeDemo.app */ = {isa = PBXFileReference; explicitFileType = wrapper.application; includeInIndex = 0; path = SnakeDemo.app; sourceTree = BUILT_PRODUCTS_DIR; };
		4DAFDF621D48D13A00C703F6 /* main.m */ = {isa = PBXFileReference; lastKnownFileType = sourcecode.c.objc; path = main.m; sourceTree = "<group>"; };
		4DAFDF641D48D13A00C703F6 /* AppDelegate.h */ = {isa = PBXFileReference; lastKnownFileType = sourcecode.c.h; path = AppDelegate.h; sourceTree = "<group>"; };
		4DAFDF651D48D13A00C703F6 /* AppDelegate.m */ = {isa = PBXFileReference; lastKnownFileType = sourcecode.c.objc; path = AppDelegate.m; sourceTree = "<group>"; };
		4DAFDF671D48D13A00C703F6 /* Assets.xcassets */ = {isa = PBXFileReference; lastKnownFileType = folder.assetcatalog; path = Assets.xcassets; sourceTree = "<group>"; };
		4DAFDF6A1D48D13A00C703F6 /* Base */ = {isa = PBXFileReference; lastKnownFileType = file.storyboard; name = Base; path = Base.lproj/LaunchScreen.storyboard; sourceTree = "<group>"; };
		4DAFDF6C1D48D13A00C703F6 /* Info.plist */ = {isa = PBXFileReference; lastKnownFileType = text.plist.xml; path = Info.plist; sourceTree = "<group>"; };
		4DAFDF711D48D13A00C703F6 /* SnakeDemoTests.xctest */ = {isa = PBXFileReference; explicitFileType = wrapper.cfbundle; includeInIndex = 0; path = SnakeDemoTests.xctest; sourceTree = BUILT_PRODUCTS_DIR; };
		4DAFDF751D48D13A00C703F6 /* SnakeDemoTests.m */ = {isa = PBXFileReference; lastKnownFileType = sourcecode.c.objc; path = SnakeDemoTests.m; sourceTree = "<group>"; };
		4DAFDF771D48D13A00C703F6 /* Info.plist */ = {isa = PBXFileReference; lastKnownFileType = text.plist.xml; path = Info.plist; sourceTree = "<group>"; };
		4DAFDF801D48D19C00C703F6 /* LevelViewController.h */ = {isa = PBXFileReference; fileEncoding = 4; lastKnownFileType = sourcecode.c.h; path = LevelViewController.h; sourceTree = "<group>"; };
		4DAFDF811D48D19C00C703F6 /* LevelViewController.m */ = {isa = PBXFileReference; fileEncoding = 4; lastKnownFileType = sourcecode.c.objc; path = LevelViewController.m; sourceTree = "<group>"; };
/* End PBXFileReference section */

/* Begin PBXFrameworksBuildPhase section */
		4DAFDF5B1D48D13A00C703F6 /* Frameworks */ = {
			isa = PBXFrameworksBuildPhase;
			buildActionMask = 2147483647;
			files = (
			);
			runOnlyForDeploymentPostprocessing = 0;
		};
		4DAFDF6E1D48D13A00C703F6 /* Frameworks */ = {
			isa = PBXFrameworksBuildPhase;
			buildActionMask = 2147483647;
			files = (
			);
			runOnlyForDeploymentPostprocessing = 0;
		};
/* End PBXFrameworksBuildPhase section */

/* Begin PBXGroup section */
		4DAFDF551D48D13A00C703F6 = {
			isa = PBXGroup;
			children = (
				4DAFDF601D48D13A00C703F6 /* SnakeDemo */,
				4DAFDF741D48D13A00C703F6 /* SnakeDemoTests */,
				4DAFDF5F1D48D13A00C703F6 /* Products */,
			);
			sourceTree = "<group>";
		};
		4DAFDF5F1D48D13A00C703F6 /* Products */ = {
			isa = PBXGroup;
			children = (
				4DAFDF5E1D48D13A00C703F6 /* SnakeDemo.app */,
				4DAFDF711D48D13A00C703F6 /* SnakeDemoTests.xctest */,
			);
			name = Products;
			sourceTree = "<group>";
		};
		4DAFDF601D48D13A00C703F6 /* SnakeDemo */ = {
			isa = PBXGroup;
			children = (
				4DAFDF641D48D13A00C703F6 /* AppDelegate.h */,
				4DAFDF651D48D13A00C703F6 /* AppDelegate.m */,
				4D6DE8FF1D4998FC005107F3 /* GameViewController.h */,
				4D6DE9001D4998FC005107F3 /* GameViewController.m */,
				4DAFDF801D48D19C00C703F6 /* LevelViewController.h */,
				4DAFDF811D48D19C00C703F6 /* LevelViewController.m */,
				4DAFDF671D48D13A00C703F6 /* Assets.xcassets */,
				4DAFDF691D48D13A00C703F6 /* LaunchScreen.storyboard */,
				4DAFDF6C1D48D13A00C703F6 /* Info.plist */,
				4DAFDF611D48D13A00C703F6 /* Supporting Files */,
			);
			path = SnakeDemo;
			sourceTree = "<group>";
		};
		4DAFDF611D48D13A00C703F6 /* Supporting Files */ = {
			isa = PBXGroup;
			children = (
				4DAFDF621D48D13A00C703F6 /* main.m */,
			);
			name = "Supporting Files";
			sourceTree = "<group>";
		};
		4DAFDF741D48D13A00C703F6 /* SnakeDemoTests */ = {
			isa = PBXGroup;
			children = (
				4DAFDF751D48D13A00C703F6 /* SnakeDemoTests.m */,
				4DAFDF771D48D13A00C703F6 /* Info.plist */,
			);
			path = SnakeDemoTests;
			sourceTree = "<group>";
		};
/* End PBXGroup section */

/* Begin PBXNativeTarget section */
		4DAFDF5D1D48D13A00C703F6 /* SnakeDemo */ = {
			isa = PBXNativeTarget;
			buildConfigurationList = 4DAFDF7A1D48D13A00C703F6 /* Build configuration list for PBXNativeTarget "SnakeDemo" */;
			buildPhases = (
				4DAFDF5A1D48D13A00C703F6 /* Sources */,
				4DAFDF5B1D48D13A00C703F6 /* Frameworks */,
				4DAFDF5C1D48D13A00C703F6 /* Resources */,
			);
			buildRules = (
			);
			dependencies = (
			);
			name = SnakeDemo;
			productName = SnakeDemo;
			productReference = 4DAFDF5E1D48D13A00C703F6 /* SnakeDemo.app */;
			productType = "com.apple.product-type.application";
		};
		4DAFDF701D48D13A00C703F6 /* SnakeDemoTests */ = {
			isa = PBXNativeTarget;
			buildConfigurationList = 4DAFDF7D1D48D13A00C703F6 /* Build configuration list for PBXNativeTarget "SnakeDemoTests" */;
			buildPhases = (
				4DAFDF6D1D48D13A00C703F6 /* Sources */,
				4DAFDF6E1D48D13A00C703F6 /* Frameworks */,
				4DAFDF6F1D48D13A00C703F6 /* Resources */,
			);
			buildRules = (
			);
			dependencies = (
				4DAFDF731D48D13A00C703F6 /* PBXTargetDependency */,
			);
			name = SnakeDemoTests;
			productName = SnakeDemoTests;
			productReference = 4DAFDF711D48D13A00C703F6 /* SnakeDemoTests.xctest */;
			productType = "com.apple.product-type.bundle.unit-test";
		};
/* End PBXNativeTarget section */

/* Begin PBXProject section */
		4DAFDF561D48D13A00C703F6 /* Project object */ = {
			isa = PBXProject;
			attributes = {
				LastUpgradeCheck = 0730;
				ORGANIZATIONNAME = "中移(杭州)信息技术有限公司";
				TargetAttributes = {
					4DAFDF5D1D48D13A00C703F6 = {
						CreatedOnToolsVersion = 7.3.1;
					};
					4DAFDF701D48D13A00C703F6 = {
						CreatedOnToolsVersion = 7.3.1;
						TestTargetID = 4DAFDF5D1D48D13A00C703F6;
					};
				};
			};
			buildConfigurationList = 4DAFDF591D48D13A00C703F6 /* Build configuration list for PBXProject "SnakeDemo" */;
			compatibilityVersion = "Xcode 3.2";
			developmentRegion = English;
			hasScannedForEncodings = 0;
			knownRegions = (
				en,
				Base,
			);
			mainGroup = 4DAFDF551D48D13A00C703F6;
			productRefGroup = 4DAFDF5F1D48D13A00C703F6 /* Products */;
			projectDirPath = "";
			projectRoot = "";
			targets = (
				4DAFDF5D1D48D13A00C703F6 /* SnakeDemo */,
				4DAFDF701D48D13A00C703F6 /* SnakeDemoTests */,
			);
		};
/* End PBXProject section */

/* Begin PBXResourcesBuildPhase section */
		4DAFDF5C1D48D13A00C703F6 /* Resources */ = {
			isa = PBXResourcesBuildPhase;
			buildActionMask = 2147483647;
			files = (
				4DAFDF681D48D13A00C703F6 /* Assets.xcassets in Resources */,
				4DAFDF6B1D48D13A00C703F6 /* LaunchScreen.storyboard in Resources */,
			);
			runOnlyForDeploymentPostprocessing = 0;
		};
		4DAFDF6F1D48D13A00C703F6 /* Resources */ = {
			isa = PBXResourcesBuildPhase;
			buildActionMask = 2147483647;
			files = (
			);
			runOnlyForDeploymentPostprocessing = 0;
		};
/* End PBXResourcesBuildPhase section */

/* Begin PBXSourcesBuildPhase section */
		4DAFDF5A1D48D13A00C703F6 /* Sources */ = {
			isa = PBXSourcesBuildPhase;
			buildActionMask = 2147483647;
			files = (
				4D6DE9011D4998FC005107F3 /* GameViewController.m in Sources */,
				4DAFDF661D48D13A00C703F6 /* AppDelegate.m in Sources */,
				4DAFDF631D48D13A00C703F6 /* main.m in Sources */,
				4DAFDF821D48D19C00C703F6 /* LevelViewController.m in Sources */,
			);
			runOnlyForDeploymentPostprocessing = 0;
		};
		4DAFDF6D1D48D13A00C703F6 /* Sources */ = {
			isa = PBXSourcesBuildPhase;
			buildActionMask = 2147483647;
			files = (
				4DAFDF761D48D13A00C703F6 /* SnakeDemoTests.m in Sources */,
			);
			runOnlyForDeploymentPostprocessing = 0;
		};
/* End PBXSourcesBuildPhase section */

/* Begin PBXTargetDependency section */
		4DAFDF731D48D13A00C703F6 /* PBXTargetDependency */ = {
			isa = PBXTargetDependency;
			target = 4DAFDF5D1D48D13A00C703F6 /* SnakeDemo */;
			targetProxy = 4DAFDF721D48D13A00C703F6 /* PBXContainerItemProxy */;
		};
/* End PBXTargetDependency section */

/* Begin PBXVariantGroup section */
		4DAFDF691D48D13A00C703F6 /* LaunchScreen.storyboard */ = {
			isa = PBXVariantGroup;
			children = (
				4DAFDF6A1D48D13A00C703F6 /* Base */,
			);
			name = LaunchScreen.storyboard;
			sourceTree = "<group>";
		};
/* End PBXVariantGroup section */

/* Begin XCBuildConfiguration section */
		4DAFDF781D48D13A00C703F6 /* Debug */ = {
			isa = XCBuildConfiguration;
			buildSettings = {
				ALWAYS_SEARCH_USER_PATHS = NO;
				CLANG_ANALYZER_NONNULL = YES;
				CLANG_CXX_LANGUAGE_STANDARD = "gnu++0x";
				CLANG_CXX_LIBRARY = "libc++";
				CLANG_ENABLE_MODULES = YES;
				CLANG_ENABLE_OBJC_ARC = YES;
				CLANG_WARN_BOOL_CONVERSION = YES;
				CLANG_WARN_CONSTANT_CONVERSION = YES;
				CLANG_WARN_DIRECT_OBJC_ISA_USAGE = YES_ERROR;
				CLANG_WARN_EMPTY_BODY = YES;
				CLANG_WARN_ENUM_CONVERSION = YES;
				CLANG_WARN_INT_CONVERSION = YES;
				CLANG_WARN_OBJC_ROOT_CLASS = YES_ERROR;
				CLANG_WARN_UNREACHABLE_CODE = YES;
				CLANG_WARN__DUPLICATE_METHOD_MATCH = YES;
				"CODE_SIGN_IDENTITY[sdk=iphoneos*]" = "iPhone Developer";
				COPY_PHASE_STRIP = NO;
				DEBUG_INFORMATION_FORMAT = dwarf;
				ENABLE_STRICT_OBJC_MSGSEND = YES;
				ENABLE_TESTABILITY = YES;
				GCC_C_LANGUAGE_STANDARD = gnu99;
				GCC_DYNAMIC_NO_PIC = NO;
				GCC_NO_COMMON_BLOCKS = YES;
				GCC_OPTIMIZATION_LEVEL = 0;
				GCC_PREPROCESSOR_DEFINITIONS = (
					"DEBUG=1",
					"$(inherited)",
				);
				GCC_WARN_64_TO_32_BIT_CONVERSION = YES;
				GCC_WARN_ABOUT_RETURN_TYPE = YES_ERROR;
				GCC_WARN_UNDECLARED_SELECTOR = YES;
				GCC_WARN_UNINITIALIZED_AUTOS = YES_AGGRESSIVE;
				GCC_WARN_UNUSED_FUNCTION = YES;
				GCC_WARN_UNUSED_VARIABLE = YES;
				IPHONEOS_DEPLOYMENT_TARGET = 9.3;
				MTL_ENABLE_DEBUG_INFO = YES;
				ONLY_ACTIVE_ARCH = YES;
				SDKROOT = iphoneos;
				TARGETED_DEVICE_FAMILY = "1,2";
			};
			name = Debug;
		};
		4DAFDF791D48D13A00C703F6 /* Release */ = {
			isa = XCBuildConfiguration;
			buildSettings = {
				ALWAYS_SEARCH_USER_PATHS = NO;
				CLANG_ANALYZER_NONNULL = YES;
				CLANG_CXX_LANGUAGE_STANDARD = "gnu++0x";
				CLANG_CXX_LIBRARY = "libc++";
				CLANG_ENABLE_MODULES = YES;
				CLANG_ENABLE_OBJC_ARC = YES;
				CLANG_WARN_BOOL_CONVERSION = YES;
				CLANG_WARN_CONSTANT_CONVERSION = YES;
				CLANG_WARN_DIRECT_OBJC_ISA_USAGE = YES_ERROR;
				CLANG_WARN_EMPTY_BODY = YES;
				CLANG_WARN_ENUM_CONVERSION = YES;
				CLANG_WARN_INT_CONVERSION = YES;
				CLANG_WARN_OBJC_ROOT_CLASS = YES_ERROR;
				CLANG_WARN_UNREACHABLE_CODE = YES;
				CLANG_WARN__DUPLICATE_METHOD_MATCH = YES;
				"CODE_SIGN_IDENTITY[sdk=iphoneos*]" = "iPhone Developer";
				COPY_PHASE_STRIP = NO;
				DEBUG_INFORMATION_FORMAT = "dwarf-with-dsym";
				ENABLE_NS_ASSERTIONS = NO;
				ENABLE_STRICT_OBJC_MSGSEND = YES;
				GCC_C_LANGUAGE_STANDARD = gnu99;
				GCC_NO_COMMON_BLOCKS = YES;
				GCC_WARN_64_TO_32_BIT_CONVERSION = YES;
				GCC_WARN_ABOUT_RETURN_TYPE = YES_ERROR;
				GCC_WARN_UNDECLARED_SELECTOR = YES;
				GCC_WARN_UNINITIALIZED_AUTOS = YES_AGGRESSIVE;
				GCC_WARN_UNUSED_FUNCTION = YES;
				GCC_WARN_UNUSED_VARIABLE = YES;
				IPHONEOS_DEPLOYMENT_TARGET = 9.3;
				MTL_ENABLE_DEBUG_INFO = NO;
				SDKROOT = iphoneos;
				TARGETED_DEVICE_FAMILY = "1,2";
				VALIDATE_PRODUCT = YES;
			};
			name = Release;
		};
		4DAFDF7B1D48D13A00C703F6 /* Debug */ = {
			isa = XCBuildConfiguration;
			buildSettings = {
				ASSETCATALOG_COMPILER_APPICON_NAME = AppIcon;
				CODE_SIGN_IDENTITY = "iPhone Developer";
				INFOPLIST_FILE = SnakeDemo/Info.plist;
				LD_RUNPATH_SEARCH_PATHS = "$(inherited) @executable_path/Frameworks";
				PRODUCT_BUNDLE_IDENTIFIER = com.cmcc.SHBSnake;
				PRODUCT_NAME = "$(TARGET_NAME)";
				PROVISIONING_PROFILE = "";
			};
			name = Debug;
		};
		4DAFDF7C1D48D13A00C703F6 /* Release */ = {
			isa = XCBuildConfiguration;
			buildSettings = {
				ASSETCATALOG_COMPILER_APPICON_NAME = AppIcon;
				CODE_SIGN_IDENTITY = "iPhone Developer";
				INFOPLIST_FILE = SnakeDemo/Info.plist;
				LD_RUNPATH_SEARCH_PATHS = "$(inherited) @executable_path/Frameworks";
				PRODUCT_BUNDLE_IDENTIFIER = com.cmcc.SHBSnake;
				PRODUCT_NAME = "$(TARGET_NAME)";
				PROVISIONING_PROFILE = "";
			};
			name = Release;
		};
		4DAFDF7E1D48D13A00C703F6 /* Debug */ = {
			isa = XCBuildConfiguration;
			buildSettings = {
				BUNDLE_LOADER = "$(TEST_HOST)";
				INFOPLIST_FILE = SnakeDemoTests/Info.plist;
				LD_RUNPATH_SEARCH_PATHS = "$(inherited) @executable_path/Frameworks @loader_path/Frameworks";
				PRODUCT_BUNDLE_IDENTIFIER = com.cmcchy.LittleC.SnakeDemoTests;
				PRODUCT_NAME = "$(TARGET_NAME)";
				TEST_HOST = "$(BUILT_PRODUCTS_DIR)/SnakeDemo.app/SnakeDemo";
			};
			name = Debug;
		};
		4DAFDF7F1D48D13A00C703F6 /* Release */ = {
			isa = XCBuildConfiguration;
			buildSettings = {
				BUNDLE_LOADER = "$(TEST_HOST)";
				INFOPLIST_FILE = SnakeDemoTests/Info.plist;
				LD_RUNPATH_SEARCH_PATHS = "$(inherited) @executable_path/Frameworks @loader_path/Frameworks";
				PRODUCT_BUNDLE_IDENTIFIER = com.cmcchy.LittleC.SnakeDemoTests;
				PRODUCT_NAME = "$(TARGET_NAME)";
				TEST_HOST = "$(BUILT_PRODUCTS_DIR)/SnakeDemo.app/SnakeDemo";
			};
			name = Release;
		};
/* End XCBuildConfiguration section */

/* Begin XCConfigurationList section */
		4DAFDF591D48D13A00C703F6 /* Build configuration list for PBXProject "SnakeDemo" */ = {
			isa = XCConfigurationList;
			buildConfigurations = (
				4DAFDF781D48D13A00C703F6 /* Debug */,
				4DAFDF791D48D13A00C703F6 /* Release */,
			);
			defaultConfigurationIsVisible = 0;
			defaultConfigurationName = Release;
		};
		4DAFDF7A1D48D13A00C703F6 /* Build configuration list for PBXNativeTarget "SnakeDemo" */ = {
			isa = XCConfigurationList;
			buildConfigurations = (
				4DAFDF7B1D48D13A00C703F6 /* Debug */,
				4DAFDF7C1D48D13A00C703F6 /* Release */,
			);
			defaultConfigurationIsVisible = 0;
			defaultConfigurationName = Release;
		};
		4DAFDF7D1D48D13A00C703F6 /* Build configuration list for PBXNativeTarget "SnakeDemoTests" */ = {
			isa = XCConfigurationList;
			buildConfigurations = (
				4DAFDF7E1D48D13A00C703F6 /* Debug */,
				4DAFDF7F1D48D13A00C703F6 /* Release */,
			);
			defaultConfigurationIsVisible = 0;
			defaultConfigurationName = Release;
		};
/* End XCConfigurationList section */
	};
	rootObject = 4DAFDF561D48D13A00C703F6 /* Project object */;
}
